
Microsoft Visual Studio Solution File, Format Version 12.00
# Visual Studio 15
VisualStudioVersion = 15.0.27703.2026
MinimumVisualStudioVersion = 10.0.40219.1
Project("{FAE04EC0-301F-11D3-BF4B-00C04F79EFBC}") = "PC_Shop", "PC_Shop\PC_Shop.csproj", "{7DAB9C81-E9A0-4E9F-94B9-7923DDC9186C}"
EndProject
Project("{FAE04EC0-301F-11D3-BF4B-00C04F79EFBC}") = "PC_Shop_DAL", "PC_Shop_DAL\PC_Shop_DAL.csproj", "{C92EF2A0-F5C2-4389-95B6-96CA63BE6684}"
EndProject
Project("{FAE04EC0-301F-11D3-BF4B-00C04F79EFBC}") = "BLL", "BLL\BLL.csproj", "{77476D8E-E3B9-4391-9B07-8F7ED06AEE3D}"
EndProject
Global
	GlobalSection(SolutionConfigurationPlatforms) = preSolution
		Debug|Any CPU = Debug|Any CPU
		Release|Any CPU = Release|Any CPU
	EndGlobalSection
	GlobalSection(ProjectConfigurationPlatforms) = postSolution
		{7DAB9C81-E9A0-4E9F-94B9-7923DDC9186C}.Debug|Any CPU.ActiveCfg = Debug|Any CPU
		{7DAB9C81-E9A0-4E9F-94B9-7923DDC9186C}.Debug|Any CPU.Build.0 = Debug|Any CPU
		{7DAB9C81-E9A0-4E9F-94B9-7923DDC9186C}.Release|Any CPU.ActiveCfg = Release|Any CPU
		{7DAB9C81-E9A0-4E9F-94B9-7923DDC9186C}.Release|Any CPU.Build.0 = Release|Any CPU
		{C92EF2A0-F5C2-4389-95B6-96CA63BE6684}.Debug|Any CPU.ActiveCfg = Debug|Any CPU
		{C92EF2A0-F5C2-4389-95B6-96CA63BE6684}.Debug|Any CPU.Build.0 = Debug|Any CPU
		{C92EF2A0-F5C2-4389-95B6-96CA63BE6684}.Release|Any CPU.ActiveCfg = Release|Any CPU
		{C92EF2A0-F5C2-4389-95B6-96CA63BE6684}.Release|Any CPU.Build.0 = Release|Any CPU
		{77476D8E-E3B9-4391-9B07-8F7ED06AEE3D}.Debug|Any CPU.ActiveCfg = Debug|Any CPU
		{77476D8E-E3B9-4391-9B07-8F7ED06AEE3D}.Debug|Any CPU.Build.0 = Debug|Any CPU
		{77476D8E-E3B9-4391-9B07-8F7ED06AEE3D}.Release|Any CPU.ActiveCfg = Release|Any CPU
		{77476D8E-E3B9-4391-9B07-8F7ED06AEE3D}.Release|Any CPU.Build.0 = Release|Any CPU
	EndGlobalSection
	GlobalSection(SolutionProperties) = preSolution
		HideSolutionNode = FALSE
	EndGlobalSection
	GlobalSection(ExtensibilityGlobals) = postSolution
		SolutionGuid = {E75911A4-9163-4337-A762-7A8616F0A1C4}
	EndGlobalSection
EndGlobal
